
Microsoft Visual Studio Solution File, Format Version 12.00
# Visual Studio 15
VisualStudioVersion = 15.0.27004.2009
MinimumVisualStudioVersion = 10.0.40219.1
Project("{FAE04EC0-301F-11D3-BF4B-00C04F79EFBC}") = "Hooks", "Hooks\Hooks.csproj", "{8574F250-B031-454D-99A4-C4B6C8A2EB3A}"
EndProject
Global
	GlobalSection(SolutionConfigurationPlatforms) = preSolution
		Debug|Any CPU = Debug|Any CPU
		Release|Any CPU = Release|Any CPU
	EndGlobalSection
	GlobalSection(ProjectConfigurationPlatforms) = postSolution
		{8574F250-B031-454D-99A4-C4B6C8A2EB3A}.Debug|Any CPU.ActiveCfg = Debug|Any CPU
		{8574F250-B031-454D-99A4-C4B6C8A2EB3A}.Debug|Any CPU.Build.0 = Debug|Any CPU
		{8574F250-B031-454D-99A4-C4B6C8A2EB3A}.Release|Any CPU.ActiveCfg = Release|Any CPU
		{8574F250-B031-454D-99A4-C4B6C8A2EB3A}.Release|Any CPU.Build.0 = Release|Any CPU
	EndGlobalSection
	GlobalSection(SolutionProperties) = preSolution
		HideSolutionNode = FALSE
	EndGlobalSection
	GlobalSection(ExtensibilityGlobals) = postSolution
		SolutionGuid = {1496C065-457C-41B0-BC29-F5947B1AA6A8}
	EndGlobalSection
EndGlobal
